
Microsoft Visual Studio Solution File, Format Version 12.00
# Visual Studio Version 17
VisualStudioVersion = 17.7.34031.279
MinimumVisualStudioVersion = 10.0.40219.1
Project("{FAE04EC0-301F-11D3-BF4B-00C04F79EFBC}") = "ConsoleApp18", "ConsoleApp18\ConsoleApp18.csproj", "{BFA60F14-5887-4CCA-8A6D-0FF5A4648359}"
EndProject
Global
	GlobalSection(SolutionConfigurationPlatforms) = preSolution
		Debug|Any CPU = Debug|Any CPU
		Release|Any CPU = Release|Any CPU
	EndGlobalSection
	GlobalSection(ProjectConfigurationPlatforms) = postSolution
		{BFA60F14-5887-4CCA-8A6D-0FF5A4648359}.Debug|Any CPU.ActiveCfg = Debug|Any CPU
		{BFA60F14-5887-4CCA-8A6D-0FF5A4648359}.Debug|Any CPU.Build.0 = Debug|Any CPU
		{BFA60F14-5887-4CCA-8A6D-0FF5A4648359}.Release|Any CPU.ActiveCfg = Release|Any CPU
		{BFA60F14-5887-4CCA-8A6D-0FF5A4648359}.Release|Any CPU.Build.0 = Release|Any CPU
	EndGlobalSection
	GlobalSection(SolutionProperties) = preSolution
		HideSolutionNode = FALSE
	EndGlobalSection
	GlobalSection(ExtensibilityGlobals) = postSolution
		SolutionGuid = {416B15FC-F308-4694-9E34-E504A58A7332}
	EndGlobalSection
EndGlobal
